
Microsoft Visual Studio Solution File, Format Version 12.00
Project("{FAE04EC0-301F-11D3-BF4B-00C04F79EFBC}") = "RedirectServer", "RedirectServer\RedirectServer.csproj", "{8ECA54E4-A312-4020-9949-408D4A6B466D}"
EndProject
Global
	GlobalSection(SolutionConfigurationPlatforms) = preSolution
		Debug|Any CPU = Debug|Any CPU
		Release|Any CPU = Release|Any CPU
	EndGlobalSection
	GlobalSection(ProjectConfigurationPlatforms) = postSolution
		{8ECA54E4-A312-4020-9949-408D4A6B466D}.Debug|Any CPU.ActiveCfg = Debug|Any CPU
		{8ECA54E4-A312-4020-9949-408D4A6B466D}.Debug|Any CPU.Build.0 = Debug|Any CPU
		{8ECA54E4-A312-4020-9949-408D4A6B466D}.Release|Any CPU.ActiveCfg = Release|Any CPU
		{8ECA54E4-A312-4020-9949-408D4A6B466D}.Release|Any CPU.Build.0 = Release|Any CPU
	EndGlobalSection
EndGlobal
